
Microsoft Visual Studio Solution File, Format Version 12.00
# Visual Studio Version 16
VisualStudioVersion = 16.0.30320.27
MinimumVisualStudioVersion = 10.0.40219.1
Project("{9A19103F-16F7-4668-BE54-9A1E7A4F7556}") = "Estacionamento", "Estacionamento.csproj", "{239484E7-A671-4AE9-83F2-3189293B7432}"
EndProject
Global
	GlobalSection(SolutionConfigurationPlatforms) = preSolution
		Debug|Any CPU = Debug|Any CPU
		Release|Any CPU = Release|Any CPU
	EndGlobalSection
	GlobalSection(ProjectConfigurationPlatforms) = postSolution
		{239484E7-A671-4AE9-83F2-3189293B7432}.Debug|Any CPU.ActiveCfg = Debug|Any CPU
		{239484E7-A671-4AE9-83F2-3189293B7432}.Debug|Any CPU.Build.0 = Debug|Any CPU
		{239484E7-A671-4AE9-83F2-3189293B7432}.Release|Any CPU.ActiveCfg = Release|Any CPU
		{239484E7-A671-4AE9-83F2-3189293B7432}.Release|Any CPU.Build.0 = Release|Any CPU
	EndGlobalSection
	GlobalSection(SolutionProperties) = preSolution
		HideSolutionNode = FALSE
	EndGlobalSection
	GlobalSection(ExtensibilityGlobals) = postSolution
		SolutionGuid = {B6E0DEED-4C4B-4267-B29E-42CD78D4BDCE}
	EndGlobalSection
EndGlobal
